<Solution>
  <Folder Name="/Demos/">
    <File Path="Demos/Directory.Build.props" />
    <Project Path="Demos/FeishuFileServer/backend/FeishuFileServer.csproj" />
    <Project Path="Demos/FeishuOAuthDemo/backend/FeishuOAuthDemo.csproj" />
    <Project Path="Demos/FeishuWikiManager/backend/FeishuWikiManager.csproj" />
    <Project Path="Demos/Mud.Feishu.Demo/Mud.Feishu.Demo.csproj" />
    <Project Path="Demos/Mud.Feishu.Webhook.Demo/Mud.Feishu.Webhook.Demo.csproj" Id="33cbe001-6cfc-489d-8f5b-12dea3b659ed" />
    <Project Path="Demos/Mud.Feishu.WebSocket.Demo/Mud.Feishu.WebSocket.Demo.csproj" />
    <Project Path="Demos/TaskManageDemo/backend/TaskManageDemo.Backend.csproj" />
  </Folder>
  <Folder Name="/Solution/">
    <File Path="CHANGELOG.md" />
    <File Path="Directory.Build.props" />
    <File Path="icon.png" />
    <File Path="README.md" />
  </Folder>
  <Folder Name="/Sources/">
    <Project Path="Mud.Feishu.Abstractions/Mud.Feishu.Abstractions.csproj" Id="b04973d2-c477-49a7-a00f-04288a8cabac" />
    <Project Path="Mud.Feishu.Authentication/Mud.Feishu.Authentication.csproj" />
    <Project Path="Mud.Feishu.Redis/Mud.Feishu.Redis.csproj" />
    <Project Path="Mud.Feishu.Webhook/Mud.Feishu.Webhook.csproj" />
    <Project Path="Mud.Feishu.WebSocket/Mud.Feishu.WebSocket.csproj" />
    <Project Path="Mud.Feishu/Mud.Feishu.csproj" />
  </Folder>
  <Folder Name="/Tests/">
    <File Path="Tests/Directory.Build.props" />
    <Project Path="Tests/Mud.Feishu.Abstractions.Tests/Mud.Feishu.Abstractions.Tests.csproj" />
    <Project Path="Tests/Mud.Feishu.Authentication.Tests/Mud.Feishu.Authentication.Tests.csproj" />
    <Project Path="Tests/Mud.Feishu.Redis.Tests/Mud.Feishu.Redis.Tests.csproj" />
    <Project Path="Tests/Mud.Feishu.Tests/Mud.Feishu.Tests.csproj" />
    <Project Path="Tests/Mud.Feishu.Webhook.Tests/Mud.Feishu.Webhook.Tests.csproj" />
    <Project Path="Tests/Mud.Feishu.WebSocket.Tests/Mud.Feishu.WebSocket.Tests.csproj" />
  </Folder>
</Solution>
