
Microsoft Visual Studio Solution File, Format Version 12.00
# Visual Studio Version 17
VisualStudioVersion = 17.14.36705.20 d17.14
MinimumVisualStudioVersion = 10.0.40219.1
Project("{FAE04EC0-301F-11D3-BF4B-00C04F79EFBC}") = "Mud.Feishu", "Mud.Feishu\Mud.Feishu.csproj", "{A3F460E4-0F2A-49DA-9E35-2F14D1A39DD7}"
EndProject
Project("{D954291E-2A0B-460D-934E-DC6B0785DB48}") = "Mud.CodeGenerator", "Mud.CodeGenerator\Mud.CodeGenerator.shproj", "{A2750E52-71E7-4DE0-B5F3-06CF7ECD7793}"
EndProject
Global
	GlobalSection(SolutionConfigurationPlatforms) = preSolution
		Debug|Any CPU = Debug|Any CPU
		Release|Any CPU = Release|Any CPU
	EndGlobalSection
	GlobalSection(ProjectConfigurationPlatforms) = postSolution
		{A3F460E4-0F2A-49DA-9E35-2F14D1A39DD7}.Debug|Any CPU.ActiveCfg = Debug|Any CPU
		{A3F460E4-0F2A-49DA-9E35-2F14D1A39DD7}.Debug|Any CPU.Build.0 = Debug|Any CPU
		{A3F460E4-0F2A-49DA-9E35-2F14D1A39DD7}.Release|Any CPU.ActiveCfg = Release|Any CPU
		{A3F460E4-0F2A-49DA-9E35-2F14D1A39DD7}.Release|Any CPU.Build.0 = Release|Any CPU
	EndGlobalSection
	GlobalSection(SolutionProperties) = preSolution
		HideSolutionNode = FALSE
	EndGlobalSection
	GlobalSection(ExtensibilityGlobals) = postSolution
		SolutionGuid = {4F1DDC97-0114-4D96-904E-420C58D3B29F}
	EndGlobalSection
	GlobalSection(SharedMSBuildProjectFiles) = preSolution
		Mud.CodeGenerator\Mud.CodeGenerator.projitems*{a2750e52-71e7-4de0-b5f3-06cf7ecd7793}*SharedItemsImports = 13
		Mud.CodeGenerator\Mud.CodeGenerator.projitems*{a3f460e4-0f2a-49da-9e35-2f14d1a39dd7}*SharedItemsImports = 5
	EndGlobalSection
EndGlobal
